PODS:
  - Kingfisher (5.10.1):
    - Kingfisher/Core (= 5.10.1)
  - Kingfisher/Core (5.10.1)

DEPENDENCIES:
  - Kingfisher (~> 5.0)

SPEC REPOS:
  trunk:
    - Kingfisher

SPEC CHECKSUMS:
  Kingfisher: eb36b7dfcc78d60877051c92c119a2865972961a

PODFILE CHECKSUM: d3e91ecdfe75209b069032c9087b044741da9fa3

COCOAPODS: 1.8.4
